<?xml version="1.0" encoding="utf-8"?>
<Project ToolsVersion="4.0" xmlns="http://schemas.microsoft.com/developer/msbuild/2003">
  <ItemGroup>
    <Filter Include="Source Files">
      <UniqueIdentifier>{5ff62a1c-dda6-4873-8697-9eb87a8d691e}</UniqueIdentifier>
      <Extensions>cpp;c;cxx;rc;def;r;odl;idl;hpj;bat</Extensions>
    </Filter>
    <Filter Include="Header Files">
      <UniqueIdentifier>{29d80afe-d6bb-4ad2-9752-963b7f2ffb40}</UniqueIdentifier>
      <Extensions>h;hpp;hxx;hm;inl</Extensions>
    </Filter>
    <Filter Include="Resource Files">
      <UniqueIdentifier>{727ee0ed-99f6-4278-a2e4-7dce4b248bdb}</UniqueIdentifier>
      <Extensions>ico;cur;bmp;dlg;rc2;rct;bin;rgs;gif;jpg;jpeg;jpe</Extensions>
    </Filter>
    <Filter Include="ini files">
      <UniqueIdentifier>{bf723a89-9b22-4d37-ab8e-3bd5f8dd848a}</UniqueIdentifier>
    </Filter>
    <Filter Include="read me">
      <UniqueIdentifier>{fd89932f-ba26-4e6c-a898-3abd221b8e09}</UniqueIdentifier>
    </Filter>
  </ItemGroup>
  <ItemGroup>
    <ClCompile Include="C2DMatrix.cpp">
      <Filter>Source Files</Filter>
    </ClCompile>
    <ClCompile Include="CController.cpp">
      <Filter>Source Files</Filter>
    </ClCompile>
    <ClCompile Include="Cga.cpp">
      <Filter>Source Files</Filter>
    </ClCompile>
    <ClCompile Include="CInnovation.cpp">
      <Filter>Source Files</Filter>
    </ClCompile>
    <ClCompile Include="CMapper.cpp">
      <Filter>Source Files</Filter>
    </ClCompile>
    <ClCompile Include="CMinesweeper.cpp">
      <Filter>Source Files</Filter>
    </ClCompile>
    <ClCompile Include="CParams.cpp">
      <Filter>Source Files</Filter>
    </ClCompile>
    <ClCompile Include="CSpecies.cpp">
      <Filter>Source Files</Filter>
    </ClCompile>
    <ClCompile Include="CTimer.cpp">
      <Filter>Source Files</Filter>
    </ClCompile>
    <ClCompile Include="genotype.cpp">
      <Filter>Source Files</Filter>
    </ClCompile>
    <ClCompile Include="main.cpp">
      <Filter>Source Files</Filter>
    </ClCompile>
    <ClCompile Include="phenotype.cpp">
      <Filter>Source Files</Filter>
    </ClCompile>
    <ClCompile Include="CCar.cpp">
      <Filter>Source Files</Filter>
    </ClCompile>
    <ClCompile Include="SimpleParser.cpp">
      <Filter>Source Files</Filter>
    </ClCompile>
    <ClCompile Include="WrapperBaseDriver.cpp">
      <Filter>Source Files</Filter>
    </ClCompile>
    <ClCompile Include="CarControl.cpp">
      <Filter>Source Files</Filter>
    </ClCompile>
    <ClCompile Include="CarState.cpp">
      <Filter>Source Files</Filter>
    </ClCompile>
    <ClCompile Include="client.cpp">
      <Filter>Source Files</Filter>
    </ClCompile>
    <ClCompile Include="SimpleDriver.cpp">
      <Filter>Source Files</Filter>
    </ClCompile>
    <ClCompile Include="CCarController.cpp">
      <Filter>Source Files</Filter>
    </ClCompile>
  </ItemGroup>
  <ItemGroup>
    <ClInclude Include="C2DMatrix.h">
      <Filter>Header Files</Filter>
    </ClInclude>
    <ClInclude Include="CController.h">
      <Filter>Header Files</Filter>
    </ClInclude>
    <ClInclude Include="Cga.h">
      <Filter>Header Files</Filter>
    </ClInclude>
    <ClInclude Include="CInnovation.h">
      <Filter>Header Files</Filter>
    </ClInclude>
    <ClInclude Include="CMapper.h">
      <Filter>Header Files</Filter>
    </ClInclude>
    <ClInclude Include="CMinesweeper.h">
      <Filter>Header Files</Filter>
    </ClInclude>
    <ClInclude Include="collision.h">
      <Filter>Header Files</Filter>
    </ClInclude>
    <ClInclude Include="CParams.h">
      <Filter>Header Files</Filter>
    </ClInclude>
    <ClInclude Include="CSpecies.h">
      <Filter>Header Files</Filter>
    </ClInclude>
    <ClInclude Include="CTimer.h">
      <Filter>Header Files</Filter>
    </ClInclude>
    <ClInclude Include="genes.h">
      <Filter>Header Files</Filter>
    </ClInclude>
    <ClInclude Include="genotype.h">
      <Filter>Header Files</Filter>
    </ClInclude>
    <ClInclude Include="phenotype.h">
      <Filter>Header Files</Filter>
    </ClInclude>
    <ClInclude Include="SVector2D.h">
      <Filter>Header Files</Filter>
    </ClInclude>
    <ClInclude Include="utils.h">
      <Filter>Header Files</Filter>
    </ClInclude>
    <ClInclude Include="CCar.h">
      <Filter>Header Files</Filter>
    </ClInclude>
    <ClInclude Include="BaseDriver.h">
      <Filter>Header Files</Filter>
    </ClInclude>
    <ClInclude Include="CarControl.h">
      <Filter>Header Files</Filter>
    </ClInclude>
    <ClInclude Include="CarState.h">
      <Filter>Header Files</Filter>
    </ClInclude>
    <ClInclude Include="SimpleDriver.h">
      <Filter>Header Files</Filter>
    </ClInclude>
    <ClInclude Include="SimpleParser.h">
      <Filter>Header Files</Filter>
    </ClInclude>
    <ClInclude Include="WrapperBaseDriver.h">
      <Filter>Header Files</Filter>
    </ClInclude>
    <ClInclude Include="client.h">
      <Filter>Header Files</Filter>
    </ClInclude>
    <ClInclude Include="CCarController.h">
      <Filter>Header Files</Filter>
    </ClInclude>
  </ItemGroup>
  <ItemGroup>
    <ResourceCompile Include="Script1.rc">
      <Filter>Resource Files</Filter>
    </ResourceCompile>
  </ItemGroup>
  <ItemGroup>
    <CustomBuild Include="icon1.ico">
      <Filter>Resource Files</Filter>
    </CustomBuild>
    <CustomBuild Include="params.ini">
      <Filter>ini files</Filter>
    </CustomBuild>
    <CustomBuild Include="ReadMe.txt">
      <Filter>read me</Filter>
    </CustomBuild>
  </ItemGroup>
  <ItemGroup>
    <Library Include="WS2_32.Lib" />
  </ItemGroup>
</Project>